{
    "name": "ldonis.com",
    "requires": true,
    "lockfileVersion": 1,
    "dependencies": {
        "lesli-css": {
            "version": "0.3.0",
            "resolved": "https://registry.npmjs.org/lesli-css/-/lesli-css-0.3.0.tgz",
            "integrity": "sha512-kwy48XI9RoRSt9Ov0P7NLoGlmMKh3P4lsEfmnG+87dE5QIvakeR2fGHQkELQQsRx4MjFOREDWg7GgXTqfDfEDQ==",
            "dev": true,
            "requires": {
                "normalize.css": "8.0.1"
            }
        },
        "normalize.css": {
            "version": "8.0.1",
            "resolved": "https://registry.npmjs.org/normalize.css/-/normalize.css-8.0.1.tgz",
            "integrity": "sha512-qizSNPO93t1YUuUhP22btGOo3chcvDFqFaj2TRybP0DMxkHOCTYwp3n34fel4a31ORXy4m1Xq0Gyqpb5m33qIg==",
            "dev": true
        }
    }
}
